
Microsoft Visual Studio Solution File, Format Version 12.00
# Visual Studio Version 16
VisualStudioVersion = 16.0.33529.622
MinimumVisualStudioVersion = 10.0.40219.1
Project("{FAE04EC0-301F-11D3-BF4B-00C04F79EFBC}") = "ElibraryMangement", "ElibraryMangement.csproj", "{FC649E17-2CF5-4032-AF41-C6B5E28F747E}"
EndProject
Global
	GlobalSection(SolutionConfigurationPlatforms) = preSolution
		Debug|Any CPU = Debug|Any CPU
		Release|Any CPU = Release|Any CPU
	EndGlobalSection
	GlobalSection(ProjectConfigurationPlatforms) = postSolution
		{FC649E17-2CF5-4032-AF41-C6B5E28F747E}.Debug|Any CPU.ActiveCfg = Debug|Any CPU
		{FC649E17-2CF5-4032-AF41-C6B5E28F747E}.Debug|Any CPU.Build.0 = Debug|Any CPU
		{FC649E17-2CF5-4032-AF41-C6B5E28F747E}.Release|Any CPU.ActiveCfg = Release|Any CPU
		{FC649E17-2CF5-4032-AF41-C6B5E28F747E}.Release|Any CPU.Build.0 = Release|Any CPU
	EndGlobalSection
	GlobalSection(SolutionProperties) = preSolution
		HideSolutionNode = FALSE
	EndGlobalSection
	GlobalSection(ExtensibilityGlobals) = postSolution
		SolutionGuid = {49FD213D-377A-4655-9C9F-E5075A7A738D}
	EndGlobalSection
EndGlobal
